# THIS IS AN AUTOGENERATED FILE. DO NOT EDIT THIS FILE DIRECTLY.
# yarn lockfile v1


"@rescript/std@9.0.0":
  version "9.0.0"
  resolved "https://registry.yarnpkg.com/@rescript/std/-/std-9.0.0.tgz#df53f3fa5911cb4e85bd66b92e9e58ddf3e4a7e1"
  integrity sha512-zGzFsgtZ44mgL4Xef2gOy1hrRVdrs9mcxCOOKZrIPsmbZW14yTkaF591GXxpQvjXiHtgZ/iA9qLyWH6oSReIxQ==

argparse@^2.0.1:
  version "2.0.1"
  resolved "https://registry.yarnpkg.com/argparse/-/argparse-2.0.1.tgz#246f50f3ca78a3240f6c997e8a9bd1eac49e4b38"
  integrity sha512-8+9WqebbFzpX9OR+Wa6O29asIogeRMzcGtAINdpMHHyAg10f05aSFVBbcEqGf/PXw1EjAZ+q2/bEBg3DvurK3Q==

bs-platform@9.0.0:
  version "9.0.0"
  resolved "https://registry.yarnpkg.com/bs-platform/-/bs-platform-9.0.0.tgz#873e9edcfe49a89b082e71c604d73bdb8276e2fb"
  integrity sha512-32gIXIUt1RO+OUWLrkhXFOuZKS5Cka6lEShXaVC/ohg5N8cUnoNZW9M/vW3CWnmgZkQ0Hp9g9vj5I5NfzHpy5A==

graphql-import-node@^0.0.5:
  version "0.0.5"
  resolved "https://registry.yarnpkg.com/graphql-import-node/-/graphql-import-node-0.0.5.tgz#caf76a6cece10858b14f27cce935655398fc1bf0"
  integrity sha512-OXbou9fqh9/Lm7vwXT0XoRN9J5+WCYKnbiTalgFDvkQERITRmcfncZs6aVABedd5B85yQU5EULS4a5pnbpuI0Q==

graphql@^16.6.0:
  version "16.6.0"
  resolved "https://registry.yarnpkg.com/graphql/-/graphql-16.6.0.tgz#c2dcffa4649db149f6282af726c8c83f1c7c5fdb"
  integrity sha512-KPIBPDlW7NxrbT/eh4qPXz5FiFdL5UbaA0XUNz2Rp3Z3hqBSkbj0GVjwFDztsWVauZUWsbKHgMg++sk8UX0bkw==

js-yaml@^4.1.0:
  version "4.1.0"
  resolved "https://registry.yarnpkg.com/js-yaml/-/js-yaml-4.1.0.tgz#c1fb65f8f5017901cdd2c951864ba18458a10602"
  integrity sha512-wpxZs9NoxZaJESJGIZTyDEaYpl0FKSA+FB9aJiyemKhMwkxQg63h4T1KJgUGHpTqPDNRcmmYLugrRjJlBtWvRA==
  dependencies:
    argparse "^2.0.1"

rescript@^10.0.1:
  version "10.0.1"
  resolved "https://registry.yarnpkg.com/rescript/-/rescript-10.0.1.tgz#5b2da8a8bcfb994bed1eb24820bf10cfb9d8c440"
  integrity sha512-XwO1GPDtoEU4H03xQE5bp0/qtSVR6YLaJRPxWKrfFgKc+LI36ODOCie7o9UJfgzQdoMYkkZyiTGZ4N9OQEaiUw==
